
Microsoft Visual Studio Solution File, Format Version 12.00
# Visual Studio Version 17
VisualStudioVersion = 17.11.35222.181
MinimumVisualStudioVersion = 10.0.40219.1
Project("{FAE04EC0-301F-11D3-BF4B-00C04F79EFBC}") = "gyak3", "gyak3\gyak3.csproj", "{6A9C7892-0792-4EFF-83D7-309CE9A1F8BA}"
EndProject
Global
	GlobalSection(SolutionConfigurationPlatforms) = preSolution
		Debug|Any CPU = Debug|Any CPU
		Release|Any CPU = Release|Any CPU
	EndGlobalSection
	GlobalSection(ProjectConfigurationPlatforms) = postSolution
		{6A9C7892-0792-4EFF-83D7-309CE9A1F8BA}.Debug|Any CPU.ActiveCfg = Debug|Any CPU
		{6A9C7892-0792-4EFF-83D7-309CE9A1F8BA}.Debug|Any CPU.Build.0 = Debug|Any CPU
		{6A9C7892-0792-4EFF-83D7-309CE9A1F8BA}.Release|Any CPU.ActiveCfg = Release|Any CPU
		{6A9C7892-0792-4EFF-83D7-309CE9A1F8BA}.Release|Any CPU.Build.0 = Release|Any CPU
	EndGlobalSection
	GlobalSection(SolutionProperties) = preSolution
		HideSolutionNode = FALSE
	EndGlobalSection
	GlobalSection(ExtensibilityGlobals) = postSolution
		SolutionGuid = {2A715BAA-D368-4C96-8235-428137D61DEE}
	EndGlobalSection
EndGlobal
