
Microsoft Visual Studio Solution File, Format Version 12.00
Project("{FAE04EC0-301F-11D3-BF4B-00C04F79EFBC}") = "gyak4-2", "gyak4-2\gyak4-2.csproj", "{7C7C4905-FFF2-43C6-8892-DBC2E1700BEB}"
EndProject
Global
	GlobalSection(SolutionConfigurationPlatforms) = preSolution
		Debug|Any CPU = Debug|Any CPU
		Release|Any CPU = Release|Any CPU
	EndGlobalSection
	GlobalSection(ProjectConfigurationPlatforms) = postSolution
		{7C7C4905-FFF2-43C6-8892-DBC2E1700BEB}.Debug|Any CPU.ActiveCfg = Debug|Any CPU
		{7C7C4905-FFF2-43C6-8892-DBC2E1700BEB}.Debug|Any CPU.Build.0 = Debug|Any CPU
		{7C7C4905-FFF2-43C6-8892-DBC2E1700BEB}.Release|Any CPU.ActiveCfg = Release|Any CPU
		{7C7C4905-FFF2-43C6-8892-DBC2E1700BEB}.Release|Any CPU.Build.0 = Release|Any CPU
	EndGlobalSection
EndGlobal
