
Microsoft Visual Studio Solution File, Format Version 12.00
Project("{FAE04EC0-301F-11D3-BF4B-00C04F79EFBC}") = "gyak1", "gyak1\gyak1.csproj", "{0D16D93A-CF45-457E-A447-EEE939DE145B}"
EndProject
Global
	GlobalSection(SolutionConfigurationPlatforms) = preSolution
		Debug|Any CPU = Debug|Any CPU
		Release|Any CPU = Release|Any CPU
	EndGlobalSection
	GlobalSection(ProjectConfigurationPlatforms) = postSolution
		{0D16D93A-CF45-457E-A447-EEE939DE145B}.Debug|Any CPU.ActiveCfg = Debug|Any CPU
		{0D16D93A-CF45-457E-A447-EEE939DE145B}.Debug|Any CPU.Build.0 = Debug|Any CPU
		{0D16D93A-CF45-457E-A447-EEE939DE145B}.Release|Any CPU.ActiveCfg = Release|Any CPU
		{0D16D93A-CF45-457E-A447-EEE939DE145B}.Release|Any CPU.Build.0 = Release|Any CPU
	EndGlobalSection
EndGlobal
