
Microsoft Visual Studio Solution File, Format Version 12.00
# Visual Studio Version 17
VisualStudioVersion = 17.13.35825.156 d17.13
MinimumVisualStudioVersion = 10.0.40219.1
Project("{FAE04EC0-301F-11D3-BF4B-00C04F79EFBC}") = "Gyak6", "Gyak6.csproj", "{C0946D87-5E60-47F2-B3BC-C6EC8BED9E1C}"
EndProject
Global
	GlobalSection(SolutionConfigurationPlatforms) = preSolution
		Debug|Any CPU = Debug|Any CPU
		Release|Any CPU = Release|Any CPU
	EndGlobalSection
	GlobalSection(ProjectConfigurationPlatforms) = postSolution
		{C0946D87-5E60-47F2-B3BC-C6EC8BED9E1C}.Debug|Any CPU.ActiveCfg = Debug|Any CPU
		{C0946D87-5E60-47F2-B3BC-C6EC8BED9E1C}.Debug|Any CPU.Build.0 = Debug|Any CPU
		{C0946D87-5E60-47F2-B3BC-C6EC8BED9E1C}.Release|Any CPU.ActiveCfg = Release|Any CPU
		{C0946D87-5E60-47F2-B3BC-C6EC8BED9E1C}.Release|Any CPU.Build.0 = Release|Any CPU
	EndGlobalSection
	GlobalSection(SolutionProperties) = preSolution
		HideSolutionNode = FALSE
	EndGlobalSection
	GlobalSection(ExtensibilityGlobals) = postSolution
		SolutionGuid = {C08DABFF-E8E7-4EEA-91CD-AAD7F245C005}
	EndGlobalSection
EndGlobal
