
Microsoft Visual Studio Solution File, Format Version 12.00
Project("{FAE04EC0-301F-11D3-BF4B-00C04F79EFBC}") = "beadando_alacsony", "beadando_alacsony\beadando_alacsony.csproj", "{70C55561-1B0A-4FC0-9604-03411CEEB850}"
EndProject
Project("{FAE04EC0-301F-11D3-BF4B-00C04F79EFBC}") = "beadando_magas", "beadando_magas\beadando_magas.csproj", "{56E8A311-813A-44BF-BEE1-8E73D038066F}"
EndProject
Global
	GlobalSection(SolutionConfigurationPlatforms) = preSolution
		Debug|Any CPU = Debug|Any CPU
		Release|Any CPU = Release|Any CPU
	EndGlobalSection
	GlobalSection(ProjectConfigurationPlatforms) = postSolution
		{70C55561-1B0A-4FC0-9604-03411CEEB850}.Debug|Any CPU.ActiveCfg = Debug|Any CPU
		{70C55561-1B0A-4FC0-9604-03411CEEB850}.Debug|Any CPU.Build.0 = Debug|Any CPU
		{70C55561-1B0A-4FC0-9604-03411CEEB850}.Release|Any CPU.ActiveCfg = Release|Any CPU
		{70C55561-1B0A-4FC0-9604-03411CEEB850}.Release|Any CPU.Build.0 = Release|Any CPU
		{56E8A311-813A-44BF-BEE1-8E73D038066F}.Debug|Any CPU.ActiveCfg = Debug|Any CPU
		{56E8A311-813A-44BF-BEE1-8E73D038066F}.Debug|Any CPU.Build.0 = Debug|Any CPU
		{56E8A311-813A-44BF-BEE1-8E73D038066F}.Release|Any CPU.ActiveCfg = Release|Any CPU
		{56E8A311-813A-44BF-BEE1-8E73D038066F}.Release|Any CPU.Build.0 = Release|Any CPU
	EndGlobalSection
EndGlobal
