
Microsoft Visual Studio Solution File, Format Version 12.00
Project("{FAE04EC0-301F-11D3-BF4B-00C04F79EFBC}") = "csopzh", "csopzh\csopzh.csproj", "{319C016B-DB48-4FC9-BFAF-F8BD8F4B161E}"
EndProject
Global
	GlobalSection(SolutionConfigurationPlatforms) = preSolution
		Debug|Any CPU = Debug|Any CPU
		Release|Any CPU = Release|Any CPU
	EndGlobalSection
	GlobalSection(ProjectConfigurationPlatforms) = postSolution
		{319C016B-DB48-4FC9-BFAF-F8BD8F4B161E}.Debug|Any CPU.ActiveCfg = Debug|Any CPU
		{319C016B-DB48-4FC9-BFAF-F8BD8F4B161E}.Debug|Any CPU.Build.0 = Debug|Any CPU
		{319C016B-DB48-4FC9-BFAF-F8BD8F4B161E}.Release|Any CPU.ActiveCfg = Release|Any CPU
		{319C016B-DB48-4FC9-BFAF-F8BD8F4B161E}.Release|Any CPU.Build.0 = Release|Any CPU
	EndGlobalSection
EndGlobal
