
Microsoft Visual Studio Solution File, Format Version 12.00
Project("{FAE04EC0-301F-11D3-BF4B-00C04F79EFBC}") = "gyak8_2", "gyak8_2\gyak8_2.csproj", "{D45ADADD-BD5C-4F9A-B16A-37CC1F64F08B}"
EndProject
Global
	GlobalSection(SolutionConfigurationPlatforms) = preSolution
		Debug|Any CPU = Debug|Any CPU
		Release|Any CPU = Release|Any CPU
	EndGlobalSection
	GlobalSection(ProjectConfigurationPlatforms) = postSolution
		{D45ADADD-BD5C-4F9A-B16A-37CC1F64F08B}.Debug|Any CPU.ActiveCfg = Debug|Any CPU
		{D45ADADD-BD5C-4F9A-B16A-37CC1F64F08B}.Debug|Any CPU.Build.0 = Debug|Any CPU
		{D45ADADD-BD5C-4F9A-B16A-37CC1F64F08B}.Release|Any CPU.ActiveCfg = Release|Any CPU
		{D45ADADD-BD5C-4F9A-B16A-37CC1F64F08B}.Release|Any CPU.Build.0 = Release|Any CPU
	EndGlobalSection
EndGlobal
